
Microsoft Visual Studio Solution File, Format Version 12.00
# Visual Studio Version 16
VisualStudioVersion = 16.0.32901.82
MinimumVisualStudioVersion = 10.0.40219.1
Project("{FAE04EC0-301F-11D3-BF4B-00C04F79EFBC}") = "Practicaviernes30septiembre", "Practicaviernes30septiembre\Practicaviernes30septiembre.csproj", "{273542B6-BB6F-4AFB-B2C6-B43326E84718}"
EndProject
Global
	GlobalSection(SolutionConfigurationPlatforms) = preSolution
		Debug|Any CPU = Debug|Any CPU
		Release|Any CPU = Release|Any CPU
	EndGlobalSection
	GlobalSection(ProjectConfigurationPlatforms) = postSolution
		{273542B6-BB6F-4AFB-B2C6-B43326E84718}.Debug|Any CPU.ActiveCfg = Debug|Any CPU
		{273542B6-BB6F-4AFB-B2C6-B43326E84718}.Debug|Any CPU.Build.0 = Debug|Any CPU
		{273542B6-BB6F-4AFB-B2C6-B43326E84718}.Release|Any CPU.ActiveCfg = Release|Any CPU
		{273542B6-BB6F-4AFB-B2C6-B43326E84718}.Release|Any CPU.Build.0 = Release|Any CPU
	EndGlobalSection
	GlobalSection(SolutionProperties) = preSolution
		HideSolutionNode = FALSE
	EndGlobalSection
	GlobalSection(ExtensibilityGlobals) = postSolution
		SolutionGuid = {A627D17D-7D38-44D5-B745-BE2A4FD595C6}
	EndGlobalSection
EndGlobal
